
Microsoft Visual Studio Solution File, Format Version 12.00
# Visual Studio Version 17
VisualStudioVersion = 17.3.32922.545
MinimumVisualStudioVersion = 10.0.40219.1
Project("{2150E333-8FDC-42A3-9474-1A3956D46DE8}") = "Services", "Services", "{11A723A7-32B0-45B9-B64E-DC856A493AA3}"
EndProject
Project("{2150E333-8FDC-42A3-9474-1A3956D46DE8}") = "Documentos", "Documentos", "{167255DF-56D4-422E-A913-541643485080}"
EndProject
Project("{2150E333-8FDC-42A3-9474-1A3956D46DE8}") = "Core", "Core", "{189EDEE8-CBCF-4BBA-9ECB-C8F4C9E389CD}"
EndProject
Project("{2150E333-8FDC-42A3-9474-1A3956D46DE8}") = "WebApps", "WebApps", "{039CD1DF-5B33-4347-9D24-0A9FE6C98D91}"
EndProject
Project("{2150E333-8FDC-42A3-9474-1A3956D46DE8}") = "Geral", "Geral", "{6B318EEC-68C5-4350-9B10-5E87A5EFE3E0}"
EndProject
Project("{9A19103F-16F7-4668-BE54-9A1E7A4F7556}") = "WebNesta.Coyote.Core", "Core\WebNesta.Coyote.Core\WebNesta.Coyote.Core.csproj", "{80B09F0B-7BB0-453F-9FAE-4BB9CBA3E968}"
EndProject
Project("{9A19103F-16F7-4668-BE54-9A1E7A4F7556}") = "WebNesta.Coyote.DocuSign.Domain", "Services\DocuSign\WebNesta.Coyote.DocuSign.Domain\WebNesta.Coyote.DocuSign.Domain.csproj", "{BCC1A8BF-32DC-4D0D-B810-7482C9947388}"
EndProject
Project("{9A19103F-16F7-4668-BE54-9A1E7A4F7556}") = "WebNesta.Coyote.DocuSign.Data", "Services\DocuSign\WebNesta.Coyote.DocuSign.Data\WebNesta.Coyote.DocuSign.Data.csproj", "{D44581B6-33F1-4F22-90F2-29DC8AE2E4AD}"
EndProject
Project("{9A19103F-16F7-4668-BE54-9A1E7A4F7556}") = "WebNesta.Coyote.DocuSign.API", "Services\DocuSign\WebNesta.Coyote.DocuSign.API\WebNesta.Coyote.DocuSign.API.csproj", "{9E1D6B27-817F-48AB-BF99-1CD0931FD617}"
EndProject
Project("{9A19103F-16F7-4668-BE54-9A1E7A4F7556}") = "WebNesta.Coyote.Geral.Data", "Services\Geral\WebNesta.Coyote.Geral.Data\WebNesta.Coyote.Geral.Data.csproj", "{9A768D4B-E527-4BA2-91E3-87238D12EAF9}"
EndProject
Project("{9A19103F-16F7-4668-BE54-9A1E7A4F7556}") = "WebNesta.Coyote.Geral.Domain", "Services\Geral\WebNesta.Coyote.Geral.Domain\WebNesta.Coyote.Geral.Domain.csproj", "{835E0D5F-C3F0-4074-A1F5-6BA8E842A03B}"
EndProject
Project("{9A19103F-16F7-4668-BE54-9A1E7A4F7556}") = "WebNesta.Coyote.Geral.API", "Services\Geral\WebNesta.Coyote.Geral.API\WebNesta.Coyote.Geral.API.csproj", "{98AC97B7-4CDB-4C79-A182-BF140880AF2F}"
EndProject
Project("{9A19103F-16F7-4668-BE54-9A1E7A4F7556}") = "WebNesta.Coyote.Web", "WebApps\WebNesta.Coyote.Web\WebNesta.Coyote.Web.csproj", "{97F75B06-286A-4A89-B6D9-3E993E913193}"
EndProject
Global
	GlobalSection(SolutionConfigurationPlatforms) = preSolution
		Debug|Any CPU = Debug|Any CPU
		Release|Any CPU = Release|Any CPU
	EndGlobalSection
	GlobalSection(ProjectConfigurationPlatforms) = postSolution
		{80B09F0B-7BB0-453F-9FAE-4BB9CBA3E968}.Debug|Any CPU.ActiveCfg = Debug|Any CPU
		{80B09F0B-7BB0-453F-9FAE-4BB9CBA3E968}.Debug|Any CPU.Build.0 = Debug|Any CPU
		{80B09F0B-7BB0-453F-9FAE-4BB9CBA3E968}.Release|Any CPU.ActiveCfg = Release|Any CPU
		{80B09F0B-7BB0-453F-9FAE-4BB9CBA3E968}.Release|Any CPU.Build.0 = Release|Any CPU
		{BCC1A8BF-32DC-4D0D-B810-7482C9947388}.Debug|Any CPU.ActiveCfg = Debug|Any CPU
		{BCC1A8BF-32DC-4D0D-B810-7482C9947388}.Debug|Any CPU.Build.0 = Debug|Any CPU
		{BCC1A8BF-32DC-4D0D-B810-7482C9947388}.Release|Any CPU.ActiveCfg = Release|Any CPU
		{BCC1A8BF-32DC-4D0D-B810-7482C9947388}.Release|Any CPU.Build.0 = Release|Any CPU
		{D44581B6-33F1-4F22-90F2-29DC8AE2E4AD}.Debug|Any CPU.ActiveCfg = Debug|Any CPU
		{D44581B6-33F1-4F22-90F2-29DC8AE2E4AD}.Debug|Any CPU.Build.0 = Debug|Any CPU
		{D44581B6-33F1-4F22-90F2-29DC8AE2E4AD}.Release|Any CPU.ActiveCfg = Release|Any CPU
		{D44581B6-33F1-4F22-90F2-29DC8AE2E4AD}.Release|Any CPU.Build.0 = Release|Any CPU
		{9E1D6B27-817F-48AB-BF99-1CD0931FD617}.Debug|Any CPU.ActiveCfg = Debug|Any CPU
		{9E1D6B27-817F-48AB-BF99-1CD0931FD617}.Debug|Any CPU.Build.0 = Debug|Any CPU
		{9E1D6B27-817F-48AB-BF99-1CD0931FD617}.Release|Any CPU.ActiveCfg = Release|Any CPU
		{9E1D6B27-817F-48AB-BF99-1CD0931FD617}.Release|Any CPU.Build.0 = Release|Any CPU
		{9A768D4B-E527-4BA2-91E3-87238D12EAF9}.Debug|Any CPU.ActiveCfg = Debug|Any CPU
		{9A768D4B-E527-4BA2-91E3-87238D12EAF9}.Debug|Any CPU.Build.0 = Debug|Any CPU
		{9A768D4B-E527-4BA2-91E3-87238D12EAF9}.Release|Any CPU.ActiveCfg = Release|Any CPU
		{9A768D4B-E527-4BA2-91E3-87238D12EAF9}.Release|Any CPU.Build.0 = Release|Any CPU
		{835E0D5F-C3F0-4074-A1F5-6BA8E842A03B}.Debug|Any CPU.ActiveCfg = Debug|Any CPU
		{835E0D5F-C3F0-4074-A1F5-6BA8E842A03B}.Debug|Any CPU.Build.0 = Debug|Any CPU
		{835E0D5F-C3F0-4074-A1F5-6BA8E842A03B}.Release|Any CPU.ActiveCfg = Release|Any CPU
		{835E0D5F-C3F0-4074-A1F5-6BA8E842A03B}.Release|Any CPU.Build.0 = Release|Any CPU
		{98AC97B7-4CDB-4C79-A182-BF140880AF2F}.Debug|Any CPU.ActiveCfg = Debug|Any CPU
		{98AC97B7-4CDB-4C79-A182-BF140880AF2F}.Debug|Any CPU.Build.0 = Debug|Any CPU
		{98AC97B7-4CDB-4C79-A182-BF140880AF2F}.Release|Any CPU.ActiveCfg = Release|Any CPU
		{98AC97B7-4CDB-4C79-A182-BF140880AF2F}.Release|Any CPU.Build.0 = Release|Any CPU
		{97F75B06-286A-4A89-B6D9-3E993E913193}.Debug|Any CPU.ActiveCfg = Debug|Any CPU
		{97F75B06-286A-4A89-B6D9-3E993E913193}.Debug|Any CPU.Build.0 = Debug|Any CPU
		{97F75B06-286A-4A89-B6D9-3E993E913193}.Release|Any CPU.ActiveCfg = Release|Any CPU
		{97F75B06-286A-4A89-B6D9-3E993E913193}.Release|Any CPU.Build.0 = Release|Any CPU
	EndGlobalSection
	GlobalSection(SolutionProperties) = preSolution
		HideSolutionNode = FALSE
	EndGlobalSection
	GlobalSection(NestedProjects) = preSolution
		{167255DF-56D4-422E-A913-541643485080} = {11A723A7-32B0-45B9-B64E-DC856A493AA3}
		{6B318EEC-68C5-4350-9B10-5E87A5EFE3E0} = {11A723A7-32B0-45B9-B64E-DC856A493AA3}
		{80B09F0B-7BB0-453F-9FAE-4BB9CBA3E968} = {189EDEE8-CBCF-4BBA-9ECB-C8F4C9E389CD}
		{BCC1A8BF-32DC-4D0D-B810-7482C9947388} = {167255DF-56D4-422E-A913-541643485080}
		{D44581B6-33F1-4F22-90F2-29DC8AE2E4AD} = {167255DF-56D4-422E-A913-541643485080}
		{9E1D6B27-817F-48AB-BF99-1CD0931FD617} = {167255DF-56D4-422E-A913-541643485080}
		{9A768D4B-E527-4BA2-91E3-87238D12EAF9} = {6B318EEC-68C5-4350-9B10-5E87A5EFE3E0}
		{835E0D5F-C3F0-4074-A1F5-6BA8E842A03B} = {6B318EEC-68C5-4350-9B10-5E87A5EFE3E0}
		{98AC97B7-4CDB-4C79-A182-BF140880AF2F} = {6B318EEC-68C5-4350-9B10-5E87A5EFE3E0}
		{97F75B06-286A-4A89-B6D9-3E993E913193} = {039CD1DF-5B33-4347-9D24-0A9FE6C98D91}
	EndGlobalSection
	GlobalSection(ExtensibilityGlobals) = postSolution
		SolutionGuid = {4E0FADA5-5972-4526-8117-0B8EC8B8D5A5}
	EndGlobalSection
EndGlobal
