
Microsoft Visual Studio Solution File, Format Version 12.00
# Visual Studio Version 17
VisualStudioVersion = 17.3.32929.385
MinimumVisualStudioVersion = 10.0.40219.1
Project("{9A19103F-16F7-4668-BE54-9A1E7A4F7556}") = "WebNesta.Coyote.WebApp", "WebNesta.Coyote.WebApp.csproj", "{A1F71068-8B4F-463E-8B74-B4EB54D937EB}"
EndProject
Global
	GlobalSection(SolutionConfigurationPlatforms) = preSolution
		Debug|Any CPU = Debug|Any CPU
		Release|Any CPU = Release|Any CPU
	EndGlobalSection
	GlobalSection(ProjectConfigurationPlatforms) = postSolution
		{A1F71068-8B4F-463E-8B74-B4EB54D937EB}.Debug|Any CPU.ActiveCfg = Debug|Any CPU
		{A1F71068-8B4F-463E-8B74-B4EB54D937EB}.Debug|Any CPU.Build.0 = Debug|Any CPU
		{A1F71068-8B4F-463E-8B74-B4EB54D937EB}.Release|Any CPU.ActiveCfg = Release|Any CPU
		{A1F71068-8B4F-463E-8B74-B4EB54D937EB}.Release|Any CPU.Build.0 = Release|Any CPU
	EndGlobalSection
	GlobalSection(SolutionProperties) = preSolution
		HideSolutionNode = FALSE
	EndGlobalSection
	GlobalSection(ExtensibilityGlobals) = postSolution
		SolutionGuid = {0EFC05A5-345E-4256-8C20-A82799423319}
	EndGlobalSection
EndGlobal
